
Microsoft Visual Studio Solution File, Format Version 12.00
# Visual Studio Version 16
VisualStudioVersion = 25.0.1703.0
MinimumVisualStudioVersion = 10.0.40219.1
Project("{FAE04EC0-301F-11D3-BF4B-00C04F79EFBC}") = "challengeLab", "challengeLab\challengeLab.csproj", "{F92BB7FF-BD40-44EC-BD30-2485D8E6CF32}"
EndProject
Global
	GlobalSection(SolutionConfigurationPlatforms) = preSolution
		Debug|Any CPU = Debug|Any CPU
		Release|Any CPU = Release|Any CPU
	EndGlobalSection
	GlobalSection(ProjectConfigurationPlatforms) = postSolution
		{F92BB7FF-BD40-44EC-BD30-2485D8E6CF32}.Debug|Any CPU.ActiveCfg = Debug|Any CPU
		{F92BB7FF-BD40-44EC-BD30-2485D8E6CF32}.Debug|Any CPU.Build.0 = Debug|Any CPU
		{F92BB7FF-BD40-44EC-BD30-2485D8E6CF32}.Release|Any CPU.ActiveCfg = Release|Any CPU
		{F92BB7FF-BD40-44EC-BD30-2485D8E6CF32}.Release|Any CPU.Build.0 = Release|Any CPU
	EndGlobalSection
	GlobalSection(SolutionProperties) = preSolution
		HideSolutionNode = FALSE
	EndGlobalSection
	GlobalSection(ExtensibilityGlobals) = postSolution
		SolutionGuid = {1945A13C-1828-4E93-8D04-9987D42446DA}
	EndGlobalSection
EndGlobal
